// !$*UTF8*$!
{
	archiveVersion = 1;
	classes = {
	};
	objectVersion = 51;
	objects = {

/* Begin PBXBuildFile section */
		4F2E54ED25549093009140CA /* ViewControllerNotificacion.swift in Sources */ = {isa = PBXBuildFile; fileRef = 4F2E54EC25549093009140CA /* ViewControllerNotificacion.swift */; };
		4F544353253CDAF7005F9AF6 /* AppDelegate.swift in Sources */ = {isa = PBXBuildFile; fileRef = 4F544352253CDAF7005F9AF6 /* AppDelegate.swift */; };
		4F544355253CDAF7005F9AF6 /* SceneDelegate.swift in Sources */ = {isa = PBXBuildFile; fileRef = 4F544354253CDAF7005F9AF6 /* SceneDelegate.swift */; };
		4F544357253CDAF7005F9AF6 /* ViewController.swift in Sources */ = {isa = PBXBuildFile; fileRef = 4F544356253CDAF7005F9AF6 /* ViewController.swift */; };
		4F54435A253CDAF7005F9AF6 /* Main.storyboard in Resources */ = {isa = PBXBuildFile; fileRef = 4F544358253CDAF7005F9AF6 /* Main.storyboard */; };
		4F54435C253CDAF9005F9AF6 /* Assets.xcassets in Resources */ = {isa = PBXBuildFile; fileRef = 4F54435B253CDAF9005F9AF6 /* Assets.xcassets */; };
		4F54435F253CDAF9005F9AF6 /* LaunchScreen.storyboard in Resources */ = {isa = PBXBuildFile; fileRef = 4F54435D253CDAF9005F9AF6 /* LaunchScreen.storyboard */; };
		4F544368253D0BCA005F9AF6 /* Estadisticas.swift in Sources */ = {isa = PBXBuildFile; fileRef = 4F544367253D0BCA005F9AF6 /* Estadisticas.swift */; };
		4F69D821253D1D3800C3863F /* Usuario.swift in Sources */ = {isa = PBXBuildFile; fileRef = 4F69D820253D1D3800C3863F /* Usuario.swift */; };
		4F69D823253D1F2800C3863F /* Evento.swift in Sources */ = {isa = PBXBuildFile; fileRef = 4F69D822253D1F2800C3863F /* Evento.swift */; };
		4F69D825253D1FDA00C3863F /* Reto.swift in Sources */ = {isa = PBXBuildFile; fileRef = 4F69D824253D1FDA00C3863F /* Reto.swift */; };
		4F69D827253D205C00C3863F /* Meditacion.swift in Sources */ = {isa = PBXBuildFile; fileRef = 4F69D826253D205C00C3863F /* Meditacion.swift */; };
		4F69D829253D29A700C3863F /* dashboardViewController.swift in Sources */ = {isa = PBXBuildFile; fileRef = 4F69D828253D29A700C3863F /* dashboardViewController.swift */; };
		4F69D82B253D2CE400C3863F /* ConfiguracionViewController.swift in Sources */ = {isa = PBXBuildFile; fileRef = 4F69D82A253D2CE400C3863F /* ConfiguracionViewController.swift */; };
		4FC158C7256B0A70005B6A90 /* ViewControllerEventosInfo.swift in Sources */ = {isa = PBXBuildFile; fileRef = 4FC158C6256B0A70005B6A90 /* ViewControllerEventosInfo.swift */; };
		4FC158C9256B0B92005B6A90 /* TableViewControllerEventos.swift in Sources */ = {isa = PBXBuildFile; fileRef = 4FC158C8256B0B92005B6A90 /* TableViewControllerEventos.swift */; };
		4FC158CB256B11A1005B6A90 /* TableViewControllerRetos.swift in Sources */ = {isa = PBXBuildFile; fileRef = 4FC158CA256B11A1005B6A90 /* TableViewControllerRetos.swift */; };
		4FC158CD256B1202005B6A90 /* ViewControllerRetosInfo.swift in Sources */ = {isa = PBXBuildFile; fileRef = 4FC158CC256B1202005B6A90 /* ViewControllerRetosInfo.swift */; };
		750791E226420EDB008DF5F0 /* NotaViewController.swift in Sources */ = {isa = PBXBuildFile; fileRef = 750791E126420EDB008DF5F0 /* NotaViewController.swift */; };
		750C224C264CB0AE0049D612 /* MeditacionViewController.swift in Sources */ = {isa = PBXBuildFile; fileRef = 750C224B264CB0AE0049D612 /* MeditacionViewController.swift */; };
		750F8F70263121CE005411C2 /* historialViewController.swift in Sources */ = {isa = PBXBuildFile; fileRef = 750F8F6F263121CE005411C2 /* historialViewController.swift */; };
		750F8F7326312C24005411C2 /* historialMeditacionesTableViewController.swift in Sources */ = {isa = PBXBuildFile; fileRef = 750F8F7226312C24005411C2 /* historialMeditacionesTableViewController.swift */; };
		750F8F7626312C40005411C2 /* historialEventosTableViewController.swift in Sources */ = {isa = PBXBuildFile; fileRef = 750F8F7526312C40005411C2 /* historialEventosTableViewController.swift */; };
		750F8F7926312C4F005411C2 /* historialNotasTableViewController.swift in Sources */ = {isa = PBXBuildFile; fileRef = 750F8F7826312C4F005411C2 /* historialNotasTableViewController.swift */; };
		750F8F7C26313075005411C2 /* hMeditacionesTableViewCell.swift in Sources */ = {isa = PBXBuildFile; fileRef = 750F8F7B26313075005411C2 /* hMeditacionesTableViewCell.swift */; };
		750F8F7F263130CE005411C2 /* hEventosTableViewCell.swift in Sources */ = {isa = PBXBuildFile; fileRef = 750F8F7E263130CE005411C2 /* hEventosTableViewCell.swift */; };
		750F8F82263130D9005411C2 /* hNotasTableViewCell.swift in Sources */ = {isa = PBXBuildFile; fileRef = 750F8F81263130D9005411C2 /* hNotasTableViewCell.swift */; };
		7512B4F226268AD200162732 /* EventTableViewCell.swift in Sources */ = {isa = PBXBuildFile; fileRef = 7512B4F126268AD200162732 /* EventTableViewCell.swift */; };
		7539E3BF2627F35400266963 /* EventCollectionViewCell.swift in Sources */ = {isa = PBXBuildFile; fileRef = 7539E3BE2627F35400266963 /* EventCollectionViewCell.swift */; };
		755F4BC2264C87FC007EAFCA /* GoogleService-Info.plist in Resources */ = {isa = PBXBuildFile; fileRef = 755F4BC1264C87FC007EAFCA /* GoogleService-Info.plist */; };
		755F4BC6264C930E007EAFCA /* EventoViewController.swift in Sources */ = {isa = PBXBuildFile; fileRef = 755F4BC5264C930E007EAFCA /* EventoViewController.swift */; };
		75B3B3DC2672C6610078C7AC /* CreditosViewController.swift in Sources */ = {isa = PBXBuildFile; fileRef = 75B3B3DB2672C6610078C7AC /* CreditosViewController.swift */; };
		75B7EA0A266EF35200BC8345 /* NotificacionTableViewCell.swift in Sources */ = {isa = PBXBuildFile; fileRef = 75B7EA09266EF35200BC8345 /* NotificacionTableViewCell.swift */; };
		75B7EA11266EFAA100BC8345 /* Notificacion.swift in Sources */ = {isa = PBXBuildFile; fileRef = 75B7EA10266EFAA100BC8345 /* Notificacion.swift */; };
		BE66B5A12565A56F00A5FB61 /* ViewController5.swift in Sources */ = {isa = PBXBuildFile; fileRef = BE66B5A02565A56F00A5FB61 /* ViewController5.swift */; };
		BE66B5A5256630F000A5FB61 /* ViewControllerRitmoFinal.swift in Sources */ = {isa = PBXBuildFile; fileRef = BE66B5A4256630F000A5FB61 /* ViewControllerRitmoFinal.swift */; };
		BE71E78C256661A300ACBAF3 /* ViewControllerRegistro.swift in Sources */ = {isa = PBXBuildFile; fileRef = BE71E78B256661A300ACBAF3 /* ViewControllerRegistro.swift */; };
		BE73D8E725525538002019D2 /* ViewController2.swift in Sources */ = {isa = PBXBuildFile; fileRef = BE73D8E625525538002019D2 /* ViewController2.swift */; };
		BE73D8E92552F2B8002019D2 /* ViewController3.swift in Sources */ = {isa = PBXBuildFile; fileRef = BE73D8E82552F2B8002019D2 /* ViewController3.swift */; };
		BE73D8ED25532813002019D2 /* ViewControllerAudio.swift in Sources */ = {isa = PBXBuildFile; fileRef = BE73D8EC25532813002019D2 /* ViewControllerAudio.swift */; };
		BE73D8F225532FC0002019D2 /* AVFoundation.framework in Frameworks */ = {isa = PBXBuildFile; fileRef = BE73D8F125532FC0002019D2 /* AVFoundation.framework */; };
		BED69028256B6507006B55CA /* Elegy2.mp3 in Resources */ = {isa = PBXBuildFile; fileRef = BED69027256B6507006B55CA /* Elegy2.mp3 */; };
		F2E67E25353B6DF010333133 /* Pods_PuntoBlanco_v_0_0_1.framework in Frameworks */ = {isa = PBXBuildFile; fileRef = D42E4E882112E57EF7221F7B /* Pods_PuntoBlanco_v_0_0_1.framework */; };
/* End PBXBuildFile section */

/* Begin PBXFileReference section */
		4F2E54EC25549093009140CA /* ViewControllerNotificacion.swift */ = {isa = PBXFileReference; lastKnownFileType = sourcecode.swift; path = ViewControllerNotificacion.swift; sourceTree = "<group>"; };
		4F54434F253CDAF7005F9AF6 /* PuntoBlanco_v_0.0.1.app */ = {isa = PBXFileReference; explicitFileType = wrapper.application; includeInIndex = 0; path = PuntoBlanco_v_0.0.1.app; sourceTree = BUILT_PRODUCTS_DIR; };
		4F544352253CDAF7005F9AF6 /* AppDelegate.swift */ = {isa = PBXFileReference; lastKnownFileType = sourcecode.swift; path = AppDelegate.swift; sourceTree = "<group>"; };
		4F544354253CDAF7005F9AF6 /* SceneDelegate.swift */ = {isa = PBXFileReference; lastKnownFileType = sourcecode.swift; path = SceneDelegate.swift; sourceTree = "<group>"; };
		4F544356253CDAF7005F9AF6 /* ViewController.swift */ = {isa = PBXFileReference; lastKnownFileType = sourcecode.swift; path = ViewController.swift; sourceTree = "<group>"; };
		4F544359253CDAF7005F9AF6 /* Base */ = {isa = PBXFileReference; lastKnownFileType = file.storyboard; name = Base; path = Base.lproj/Main.storyboard; sourceTree = "<group>"; };
		4F54435B253CDAF9005F9AF6 /* Assets.xcassets */ = {isa = PBXFileReference; lastKnownFileType = folder.assetcatalog; path = Assets.xcassets; sourceTree = "<group>"; };
		4F54435E253CDAF9005F9AF6 /* Base */ = {isa = PBXFileReference; lastKnownFileType = file.storyboard; name = Base; path = Base.lproj/LaunchScreen.storyboard; sourceTree = "<group>"; };
		4F544360253CDAF9005F9AF6 /* Info.plist */ = {isa = PBXFileReference; lastKnownFileType = text.plist.xml; path = Info.plist; sourceTree = "<group>"; };
		4F544367253D0BCA005F9AF6 /* Estadisticas.swift */ = {isa = PBXFileReference; lastKnownFileType = sourcecode.swift; path = Estadisticas.swift; sourceTree = "<group>"; };
		4F69D820253D1D3800C3863F /* Usuario.swift */ = {isa = PBXFileReference; lastKnownFileType = sourcecode.swift; path = Usuario.swift; sourceTree = "<group>"; };
		4F69D822253D1F2800C3863F /* Evento.swift */ = {isa = PBXFileReference; lastKnownFileType = sourcecode.swift; path = Evento.swift; sourceTree = "<group>"; };
		4F69D824253D1FDA00C3863F /* Reto.swift */ = {isa = PBXFileReference; lastKnownFileType = sourcecode.swift; path = Reto.swift; sourceTree = "<group>"; };
		4F69D826253D205C00C3863F /* Meditacion.swift */ = {isa = PBXFileReference; lastKnownFileType = sourcecode.swift; path = Meditacion.swift; sourceTree = "<group>"; };
		4F69D828253D29A700C3863F /* dashboardViewController.swift */ = {isa = PBXFileReference; lastKnownFileType = sourcecode.swift; path = dashboardViewController.swift; sourceTree = "<group>"; };
		4F69D82A253D2CE400C3863F /* ConfiguracionViewController.swift */ = {isa = PBXFileReference; lastKnownFileType = sourcecode.swift; path = ConfiguracionViewController.swift; sourceTree = "<group>"; };
		4FC158C6256B0A70005B6A90 /* ViewControllerEventosInfo.swift */ = {isa = PBXFileReference; lastKnownFileType = sourcecode.swift; path = ViewControllerEventosInfo.swift; sourceTree = "<group>"; };
		4FC158C8256B0B92005B6A90 /* TableViewControllerEventos.swift */ = {isa = PBXFileReference; lastKnownFileType = sourcecode.swift; path = TableViewControllerEventos.swift; sourceTree = "<group>"; };
		4FC158CA256B11A1005B6A90 /* TableViewControllerRetos.swift */ = {isa = PBXFileReference; lastKnownFileType = sourcecode.swift; path = TableViewControllerRetos.swift; sourceTree = "<group>"; };
		4FC158CC256B1202005B6A90 /* ViewControllerRetosInfo.swift */ = {isa = PBXFileReference; lastKnownFileType = sourcecode.swift; path = ViewControllerRetosInfo.swift; sourceTree = "<group>"; };
		750791E126420EDB008DF5F0 /* NotaViewController.swift */ = {isa = PBXFileReference; lastKnownFileType = sourcecode.swift; path = NotaViewController.swift; sourceTree = "<group>"; };
		750C224B264CB0AE0049D612 /* MeditacionViewController.swift */ = {isa = PBXFileReference; lastKnownFileType = sourcecode.swift; path = MeditacionViewController.swift; sourceTree = "<group>"; };
		750F8F6F263121CE005411C2 /* historialViewController.swift */ = {isa = PBXFileReference; lastKnownFileType = sourcecode.swift; path = historialViewController.swift; sourceTree = "<group>"; };
		750F8F7226312C24005411C2 /* historialMeditacionesTableViewController.swift */ = {isa = PBXFileReference; lastKnownFileType = sourcecode.swift; path = historialMeditacionesTableViewController.swift; sourceTree = "<group>"; };
		750F8F7526312C40005411C2 /* historialEventosTableViewController.swift */ = {isa = PBXFileReference; lastKnownFileType = sourcecode.swift; path = historialEventosTableViewController.swift; sourceTree = "<group>"; };
		750F8F7826312C4F005411C2 /* historialNotasTableViewController.swift */ = {isa = PBXFileReference; lastKnownFileType = sourcecode.swift; path = historialNotasTableViewController.swift; sourceTree = "<group>"; };
		750F8F7B26313075005411C2 /* hMeditacionesTableViewCell.swift */ = {isa = PBXFileReference; lastKnownFileType = sourcecode.swift; path = hMeditacionesTableViewCell.swift; sourceTree = "<group>"; };
		750F8F7E263130CE005411C2 /* hEventosTableViewCell.swift */ = {isa = PBXFileReference; lastKnownFileType = sourcecode.swift; path = hEventosTableViewCell.swift; sourceTree = "<group>"; };
		750F8F81263130D9005411C2 /* hNotasTableViewCell.swift */ = {isa = PBXFileReference; lastKnownFileType = sourcecode.swift; path = hNotasTableViewCell.swift; sourceTree = "<group>"; };
		7512B4F126268AD200162732 /* EventTableViewCell.swift */ = {isa = PBXFileReference; lastKnownFileType = sourcecode.swift; path = EventTableViewCell.swift; sourceTree = "<group>"; };
		7539E3BE2627F35400266963 /* EventCollectionViewCell.swift */ = {isa = PBXFileReference; lastKnownFileType = sourcecode.swift; path = EventCollectionViewCell.swift; sourceTree = "<group>"; };
		755F4BC1264C87FC007EAFCA /* GoogleService-Info.plist */ = {isa = PBXFileReference; fileEncoding = 4; lastKnownFileType = text.plist.xml; path = "GoogleService-Info.plist"; sourceTree = "<group>"; };
		755F4BC5264C930E007EAFCA /* EventoViewController.swift */ = {isa = PBXFileReference; lastKnownFileType = sourcecode.swift; path = EventoViewController.swift; sourceTree = "<group>"; };
		75B3B3DB2672C6610078C7AC /* CreditosViewController.swift */ = {isa = PBXFileReference; lastKnownFileType = sourcecode.swift; path = CreditosViewController.swift; sourceTree = "<group>"; };
		75B7EA09266EF35200BC8345 /* NotificacionTableViewCell.swift */ = {isa = PBXFileReference; lastKnownFileType = sourcecode.swift; path = NotificacionTableViewCell.swift; sourceTree = "<group>"; };
		75B7EA10266EFAA100BC8345 /* Notificacion.swift */ = {isa = PBXFileReference; lastKnownFileType = sourcecode.swift; path = Notificacion.swift; sourceTree = "<group>"; };
		7E7CCDBBDA0213AE21A45C45 /* Pods-PuntoBlanco_v_0.0.1.debug.xcconfig */ = {isa = PBXFileReference; includeInIndex = 1; lastKnownFileType = text.xcconfig; name = "Pods-PuntoBlanco_v_0.0.1.debug.xcconfig"; path = "Target Support Files/Pods-PuntoBlanco_v_0.0.1/Pods-PuntoBlanco_v_0.0.1.debug.xcconfig"; sourceTree = "<group>"; };
		9D5F938C8B0F0046DE3EE56D /* Pods-PuntoBlanco_v_0.0.1.release.xcconfig */ = {isa = PBXFileReference; includeInIndex = 1; lastKnownFileType = text.xcconfig; name = "Pods-PuntoBlanco_v_0.0.1.release.xcconfig"; path = "Target Support Files/Pods-PuntoBlanco_v_0.0.1/Pods-PuntoBlanco_v_0.0.1.release.xcconfig"; sourceTree = "<group>"; };
		BE66B5A02565A56F00A5FB61 /* ViewController5.swift */ = {isa = PBXFileReference; lastKnownFileType = sourcecode.swift; path = ViewController5.swift; sourceTree = "<group>"; };
		BE66B5A4256630F000A5FB61 /* ViewControllerRitmoFinal.swift */ = {isa = PBXFileReference; lastKnownFileType = sourcecode.swift; path = ViewControllerRitmoFinal.swift; sourceTree = "<group>"; };
		BE71E78B256661A300ACBAF3 /* ViewControllerRegistro.swift */ = {isa = PBXFileReference; lastKnownFileType = sourcecode.swift; path = ViewControllerRegistro.swift; sourceTree = "<group>"; };
		BE73D8E625525538002019D2 /* ViewController2.swift */ = {isa = PBXFileReference; lastKnownFileType = sourcecode.swift; path = ViewController2.swift; sourceTree = "<group>"; };
		BE73D8E82552F2B8002019D2 /* ViewController3.swift */ = {isa = PBXFileReference; lastKnownFileType = sourcecode.swift; path = ViewController3.swift; sourceTree = "<group>"; };
		BE73D8EC25532813002019D2 /* ViewControllerAudio.swift */ = {isa = PBXFileReference; lastKnownFileType = sourcecode.swift; path = ViewControllerAudio.swift; sourceTree = "<group>"; };
		BE73D8F125532FC0002019D2 /* AVFoundation.framework */ = {isa = PBXFileReference; lastKnownFileType = wrapper.framework; name = AVFoundation.framework; path = System/Library/Frameworks/AVFoundation.framework; sourceTree = SDKROOT; };
		BED69027256B6507006B55CA /* Elegy2.mp3 */ = {isa = PBXFileReference; lastKnownFileType = audio.mp3; path = Elegy2.mp3; sourceTree = "<group>"; };
		D42E4E882112E57EF7221F7B /* Pods_PuntoBlanco_v_0_0_1.framework */ = {isa = PBXFileReference; explicitFileType = wrapper.framework; includeInIndex = 0; path = Pods_PuntoBlanco_v_0_0_1.framework; sourceTree = BUILT_PRODUCTS_DIR; };
/* End PBXFileReference section */

/* Begin PBXFrameworksBuildPhase section */
		4F54434C253CDAF7005F9AF6 /* Frameworks */ = {
			isa = PBXFrameworksBuildPhase;
			buildActionMask = 2147483647;
			files = (
				BE73D8F225532FC0002019D2 /* AVFoundation.framework in Frameworks */,
				F2E67E25353B6DF010333133 /* Pods_PuntoBlanco_v_0_0_1.framework in Frameworks */,
			);
			runOnlyForDeploymentPostprocessing = 0;
		};
/* End PBXFrameworksBuildPhase section */

/* Begin PBXGroup section */
		4F544346253CDAF7005F9AF6 = {
			isa = PBXGroup;
			children = (
				4F544351253CDAF7005F9AF6 /* PuntoBlanco_v_0.0.1 */,
				4F544350253CDAF7005F9AF6 /* Products */,
				BE73D8F025532FC0002019D2 /* Frameworks */,
				813AC034ED08D46636FF5E77 /* Pods */,
			);
			sourceTree = "<group>";
		};
		4F544350253CDAF7005F9AF6 /* Products */ = {
			isa = PBXGroup;
			children = (
				4F54434F253CDAF7005F9AF6 /* PuntoBlanco_v_0.0.1.app */,
			);
			name = Products;
			sourceTree = "<group>";
		};
		4F544351253CDAF7005F9AF6 /* PuntoBlanco_v_0.0.1 */ = {
			isa = PBXGroup;
			children = (
				4F544352253CDAF7005F9AF6 /* AppDelegate.swift */,
				4FC158C6256B0A70005B6A90 /* ViewControllerEventosInfo.swift */,
				4F544354253CDAF7005F9AF6 /* SceneDelegate.swift */,
				4F544356253CDAF7005F9AF6 /* ViewController.swift */,
				4F544358253CDAF7005F9AF6 /* Main.storyboard */,
				750F8F81263130D9005411C2 /* hNotasTableViewCell.swift */,
				750F8F7E263130CE005411C2 /* hEventosTableViewCell.swift */,
				750F8F7B26313075005411C2 /* hMeditacionesTableViewCell.swift */,
				750F8F6F263121CE005411C2 /* historialViewController.swift */,
				4FC158CA256B11A1005B6A90 /* TableViewControllerRetos.swift */,
				4FC158CC256B1202005B6A90 /* ViewControllerRetosInfo.swift */,
				4FC158C8256B0B92005B6A90 /* TableViewControllerEventos.swift */,
				BE66B5A4256630F000A5FB61 /* ViewControllerRitmoFinal.swift */,
				BE66B5A02565A56F00A5FB61 /* ViewController5.swift */,
				4F2E54EC25549093009140CA /* ViewControllerNotificacion.swift */,
				BE73D8EC25532813002019D2 /* ViewControllerAudio.swift */,
				BE73D8E82552F2B8002019D2 /* ViewController3.swift */,
				BED69027256B6507006B55CA /* Elegy2.mp3 */,
				BE73D8E625525538002019D2 /* ViewController2.swift */,
				4F69D82A253D2CE400C3863F /* ConfiguracionViewController.swift */,
				4F69D828253D29A700C3863F /* dashboardViewController.swift */,
				4F69D822253D1F2800C3863F /* Evento.swift */,
				4F69D824253D1FDA00C3863F /* Reto.swift */,
				4F69D826253D205C00C3863F /* Meditacion.swift */,
				4F69D820253D1D3800C3863F /* Usuario.swift */,
				75B7EA10266EFAA100BC8345 /* Notificacion.swift */,
				4F544367253D0BCA005F9AF6 /* Estadisticas.swift */,
				4F544360253CDAF9005F9AF6 /* Info.plist */,
				BE71E78B256661A300ACBAF3 /* ViewControllerRegistro.swift */,
				4F54435B253CDAF9005F9AF6 /* Assets.xcassets */,
				4F54435D253CDAF9005F9AF6 /* LaunchScreen.storyboard */,
				755F4BC1264C87FC007EAFCA /* GoogleService-Info.plist */,
				7512B4F126268AD200162732 /* EventTableViewCell.swift */,
				7539E3BE2627F35400266963 /* EventCollectionViewCell.swift */,
				750F8F7226312C24005411C2 /* historialMeditacionesTableViewController.swift */,
				750F8F7526312C40005411C2 /* historialEventosTableViewController.swift */,
				750F8F7826312C4F005411C2 /* historialNotasTableViewController.swift */,
				750791E126420EDB008DF5F0 /* NotaViewController.swift */,
				755F4BC5264C930E007EAFCA /* EventoViewController.swift */,
				750C224B264CB0AE0049D612 /* MeditacionViewController.swift */,
				75B7EA09266EF35200BC8345 /* NotificacionTableViewCell.swift */,
				75B3B3DB2672C6610078C7AC /* CreditosViewController.swift */,
			);
			path = PuntoBlanco_v_0.0.1;
			sourceTree = "<group>";
		};
		813AC034ED08D46636FF5E77 /* Pods */ = {
			isa = PBXGroup;
			children = (
				7E7CCDBBDA0213AE21A45C45 /* Pods-PuntoBlanco_v_0.0.1.debug.xcconfig */,
				9D5F938C8B0F0046DE3EE56D /* Pods-PuntoBlanco_v_0.0.1.release.xcconfig */,
			);
			path = Pods;
			sourceTree = "<group>";
		};
		BE73D8F025532FC0002019D2 /* Frameworks */ = {
			isa = PBXGroup;
			children = (
				BE73D8F125532FC0002019D2 /* AVFoundation.framework */,
				D42E4E882112E57EF7221F7B /* Pods_PuntoBlanco_v_0_0_1.framework */,
			);
			name = Frameworks;
			sourceTree = "<group>";
		};
/* End PBXGroup section */

/* Begin PBXNativeTarget section */
		4F54434E253CDAF7005F9AF6 /* PuntoBlanco_v_0.0.1 */ = {
			isa = PBXNativeTarget;
			buildConfigurationList = 4F544363253CDAF9005F9AF6 /* Build configuration list for PBXNativeTarget "PuntoBlanco_v_0.0.1" */;
			buildPhases = (
				E67B942288F53EB79224FFF6 /* [CP] Check Pods Manifest.lock */,
				4F54434B253CDAF7005F9AF6 /* Sources */,
				4F54434C253CDAF7005F9AF6 /* Frameworks */,
				4F54434D253CDAF7005F9AF6 /* Resources */,
				99D7AD2B4C3D3DFFC28064D1 /* [CP] Embed Pods Frameworks */,
			);
			buildRules = (
			);
			dependencies = (
			);
			name = PuntoBlanco_v_0.0.1;
			productName = PuntoBlanco_v_0.0.1;
			productReference = 4F54434F253CDAF7005F9AF6 /* PuntoBlanco_v_0.0.1.app */;
			productType = "com.apple.product-type.application";
		};
/* End PBXNativeTarget section */

/* Begin PBXProject section */
		4F544347253CDAF7005F9AF6 /* Project object */ = {
			isa = PBXProject;
			attributes = {
				LastSwiftUpdateCheck = 1200;
				LastUpgradeCheck = 1200;
				TargetAttributes = {
					4F54434E253CDAF7005F9AF6 = {
						CreatedOnToolsVersion = 12.0.1;
						LastSwiftMigration = 1140;
					};
				};
			};
			buildConfigurationList = 4F54434A253CDAF7005F9AF6 /* Build configuration list for PBXProject "PuntoBlanco_v_0.0.1" */;
			compatibilityVersion = "Xcode 9.3";
			developmentRegion = en;
			hasScannedForEncodings = 0;
			knownRegions = (
				en,
				Base,
			);
			mainGroup = 4F544346253CDAF7005F9AF6;
			productRefGroup = 4F544350253CDAF7005F9AF6 /* Products */;
			projectDirPath = "";
			projectRoot = "";
			targets = (
				4F54434E253CDAF7005F9AF6 /* PuntoBlanco_v_0.0.1 */,
			);
		};
/* End PBXProject section */

/* Begin PBXResourcesBuildPhase section */
		4F54434D253CDAF7005F9AF6 /* Resources */ = {
			isa = PBXResourcesBuildPhase;
			buildActionMask = 2147483647;
			files = (
				BED69028256B6507006B55CA /* Elegy2.mp3 in Resources */,
				4F54435F253CDAF9005F9AF6 /* LaunchScreen.storyboard in Resources */,
				4F54435C253CDAF9005F9AF6 /* Assets.xcassets in Resources */,
				4F54435A253CDAF7005F9AF6 /* Main.storyboard in Resources */,
				755F4BC2264C87FC007EAFCA /* GoogleService-Info.plist in Resources */,
			);
			runOnlyForDeploymentPostprocessing = 0;
		};
/* End PBXResourcesBuildPhase section */

/* Begin PBXShellScriptBuildPhase section */
		99D7AD2B4C3D3DFFC28064D1 /* [CP] Embed Pods Frameworks */ = {
			isa = PBXShellScriptBuildPhase;
			buildActionMask = 2147483647;
			files = (
			);
			inputFileListPaths = (
				"${PODS_ROOT}/Target Support Files/Pods-PuntoBlanco_v_0.0.1/Pods-PuntoBlanco_v_0.0.1-frameworks-${CONFIGURATION}-input-files.xcfilelist",
			);
			name = "[CP] Embed Pods Frameworks";
			outputFileListPaths = (
				"${PODS_ROOT}/Target Support Files/Pods-PuntoBlanco_v_0.0.1/Pods-PuntoBlanco_v_0.0.1-frameworks-${CONFIGURATION}-output-files.xcfilelist",
			);
			runOnlyForDeploymentPostprocessing = 0;
			shellPath = /bin/sh;
			shellScript = "\"${PODS_ROOT}/Target Support Files/Pods-PuntoBlanco_v_0.0.1/Pods-PuntoBlanco_v_0.0.1-frameworks.sh\"\n";
			showEnvVarsInLog = 0;
		};
		E67B942288F53EB79224FFF6 /* [CP] Check Pods Manifest.lock */ = {
			isa = PBXShellScriptBuildPhase;
			buildActionMask = 2147483647;
			files = (
			);
			inputFileListPaths = (
			);
			inputPaths = (
				"${PODS_PODFILE_DIR_PATH}/Podfile.lock",
				"${PODS_ROOT}/Manifest.lock",
			);
			name = "[CP] Check Pods Manifest.lock";
			outputFileListPaths = (
			);
			outputPaths = (
				"$(DERIVED_FILE_DIR)/Pods-PuntoBlanco_v_0.0.1-checkManifestLockResult.txt",
			);
			runOnlyForDeploymentPostprocessing = 0;
			shellPath = /bin/sh;
			shellScript = "diff \"${PODS_PODFILE_DIR_PATH}/Podfile.lock\" \"${PODS_ROOT}/Manifest.lock\" > /dev/null\nif [ $? != 0 ] ; then\n    # print error to STDERR\n    echo \"error: The sandbox is not in sync with the Podfile.lock. Run 'pod install' or update your CocoaPods installation.\" >&2\n    exit 1\nfi\n# This output is used by Xcode 'outputs' to avoid re-running this script phase.\necho \"SUCCESS\" > \"${SCRIPT_OUTPUT_FILE_0}\"\n";
			showEnvVarsInLog = 0;
		};
/* End PBXShellScriptBuildPhase section */

/* Begin PBXSourcesBuildPhase section */
		4F54434B253CDAF7005F9AF6 /* Sources */ = {
			isa = PBXSourcesBuildPhase;
			buildActionMask = 2147483647;
			files = (
				4F69D82B253D2CE400C3863F /* ConfiguracionViewController.swift in Sources */,
				4FC158C9256B0B92005B6A90 /* TableViewControllerEventos.swift in Sources */,
				4F69D827253D205C00C3863F /* Meditacion.swift in Sources */,
				75B3B3DC2672C6610078C7AC /* CreditosViewController.swift in Sources */,
				BE73D8E92552F2B8002019D2 /* ViewController3.swift in Sources */,
				4F69D823253D1F2800C3863F /* Evento.swift in Sources */,
				755F4BC6264C930E007EAFCA /* EventoViewController.swift in Sources */,
				BE66B5A12565A56F00A5FB61 /* ViewController5.swift in Sources */,
				750F8F70263121CE005411C2 /* historialViewController.swift in Sources */,
				4FC158CD256B1202005B6A90 /* ViewControllerRetosInfo.swift in Sources */,
				750F8F82263130D9005411C2 /* hNotasTableViewCell.swift in Sources */,
				75B7EA11266EFAA100BC8345 /* Notificacion.swift in Sources */,
				4F544357253CDAF7005F9AF6 /* ViewController.swift in Sources */,
				BE73D8E725525538002019D2 /* ViewController2.swift in Sources */,
				4F2E54ED25549093009140CA /* ViewControllerNotificacion.swift in Sources */,
				4F544353253CDAF7005F9AF6 /* AppDelegate.swift in Sources */,
				750791E226420EDB008DF5F0 /* NotaViewController.swift in Sources */,
				750F8F7626312C40005411C2 /* historialEventosTableViewController.swift in Sources */,
				4FC158C7256B0A70005B6A90 /* ViewControllerEventosInfo.swift in Sources */,
				750F8F7326312C24005411C2 /* historialMeditacionesTableViewController.swift in Sources */,
				7512B4F226268AD200162732 /* EventTableViewCell.swift in Sources */,
				BE73D8ED25532813002019D2 /* ViewControllerAudio.swift in Sources */,
				4F69D829253D29A700C3863F /* dashboardViewController.swift in Sources */,
				4F69D825253D1FDA00C3863F /* Reto.swift in Sources */,
				750F8F7F263130CE005411C2 /* hEventosTableViewCell.swift in Sources */,
				750C224C264CB0AE0049D612 /* MeditacionViewController.swift in Sources */,
				4F544368253D0BCA005F9AF6 /* Estadisticas.swift in Sources */,
				75B7EA0A266EF35200BC8345 /* NotificacionTableViewCell.swift in Sources */,
				750F8F7926312C4F005411C2 /* historialNotasTableViewController.swift in Sources */,
				BE66B5A5256630F000A5FB61 /* ViewControllerRitmoFinal.swift in Sources */,
				750F8F7C26313075005411C2 /* hMeditacionesTableViewCell.swift in Sources */,
				4F69D821253D1D3800C3863F /* Usuario.swift in Sources */,
				4FC158CB256B11A1005B6A90 /* TableViewControllerRetos.swift in Sources */,
				4F544355253CDAF7005F9AF6 /* SceneDelegate.swift in Sources */,
				7539E3BF2627F35400266963 /* EventCollectionViewCell.swift in Sources */,
				BE71E78C256661A300ACBAF3 /* ViewControllerRegistro.swift in Sources */,
			);
			runOnlyForDeploymentPostprocessing = 0;
		};
/* End PBXSourcesBuildPhase section */

/* Begin PBXVariantGroup section */
		4F544358253CDAF7005F9AF6 /* Main.storyboard */ = {
			isa = PBXVariantGroup;
			children = (
				4F544359253CDAF7005F9AF6 /* Base */,
			);
			name = Main.storyboard;
			sourceTree = "<group>";
		};
		4F54435D253CDAF9005F9AF6 /* LaunchScreen.storyboard */ = {
			isa = PBXVariantGroup;
			children = (
				4F54435E253CDAF9005F9AF6 /* Base */,
			);
			name = LaunchScreen.storyboard;
			sourceTree = "<group>";
		};
/* End PBXVariantGroup section */

/* Begin XCBuildConfiguration section */
		4F544361253CDAF9005F9AF6 /* Debug */ = {
			isa = XCBuildConfiguration;
			buildSettings = {
				ALWAYS_SEARCH_USER_PATHS = NO;
				CLANG_ANALYZER_NONNULL = YES;
				CLANG_ANALYZER_NUMBER_OBJECT_CONVERSION = YES_AGGRESSIVE;
				CLANG_CXX_LANGUAGE_STANDARD = "gnu++14";
				CLANG_CXX_LIBRARY = "libc++";
				CLANG_ENABLE_MODULES = YES;
				CLANG_ENABLE_OBJC_ARC = YES;
				CLANG_ENABLE_OBJC_WEAK = YES;
				CLANG_WARN_BLOCK_CAPTURE_AUTORELEASING = YES;
				CLANG_WARN_BOOL_CONVERSION = YES;
				CLANG_WARN_COMMA = YES;
				CLANG_WARN_CONSTANT_CONVERSION = YES;
				CLANG_WARN_DEPRECATED_OBJC_IMPLEMENTATIONS = YES;
				CLANG_WARN_DIRECT_OBJC_ISA_USAGE = YES_ERROR;
				CLANG_WARN_DOCUMENTATION_COMMENTS = YES;
				CLANG_WARN_EMPTY_BODY = YES;
				CLANG_WARN_ENUM_CONVERSION = YES;
				CLANG_WARN_INFINITE_RECURSION = YES;
				CLANG_WARN_INT_CONVERSION = YES;
				CLANG_WARN_NON_LITERAL_NULL_CONVERSION = YES;
				CLANG_WARN_OBJC_IMPLICIT_RETAIN_SELF = YES;
				CLANG_WARN_OBJC_LITERAL_CONVERSION = YES;
				CLANG_WARN_OBJC_ROOT_CLASS = YES_ERROR;
				CLANG_WARN_QUOTED_INCLUDE_IN_FRAMEWORK_HEADER = YES;
				CLANG_WARN_RANGE_LOOP_ANALYSIS = YES;
				CLANG_WARN_STRICT_PROTOTYPES = YES;
				CLANG_WARN_SUSPICIOUS_MOVE = YES;
				CLANG_WARN_UNGUARDED_AVAILABILITY = YES_AGGRESSIVE;
				CLANG_WARN_UNREACHABLE_CODE = YES;
				CLANG_WARN__DUPLICATE_METHOD_MATCH = YES;
				COPY_PHASE_STRIP = NO;
				DEBUG_INFORMATION_FORMAT = dwarf;
				ENABLE_STRICT_OBJC_MSGSEND = YES;
				ENABLE_TESTABILITY = YES;
				GCC_C_LANGUAGE_STANDARD = gnu11;
				GCC_DYNAMIC_NO_PIC = NO;
				GCC_NO_COMMON_BLOCKS = YES;
				GCC_OPTIMIZATION_LEVEL = 0;
				GCC_PREPROCESSOR_DEFINITIONS = (
					"DEBUG=1",
					"$(inherited)",
				);
				GCC_WARN_64_TO_32_BIT_CONVERSION = YES;
				GCC_WARN_ABOUT_RETURN_TYPE = YES_ERROR;
				GCC_WARN_UNDECLARED_SELECTOR = YES;
				GCC_WARN_UNINITIALIZED_AUTOS = YES_AGGRESSIVE;
				GCC_WARN_UNUSED_FUNCTION = YES;
				GCC_WARN_UNUSED_VARIABLE = YES;
				IPHONEOS_DEPLOYMENT_TARGET = 13.6;
				MTL_ENABLE_DEBUG_INFO = INCLUDE_SOURCE;
				MTL_FAST_MATH = YES;
				ONLY_ACTIVE_ARCH = YES;
				SDKROOT = iphoneos;
				SWIFT_ACTIVE_COMPILATION_CONDITIONS = DEBUG;
				SWIFT_OPTIMIZATION_LEVEL = "-Onone";
			};
			name = Debug;
		};
		4F544362253CDAF9005F9AF6 /* Release */ = {
			isa = XCBuildConfiguration;
			buildSettings = {
				ALWAYS_SEARCH_USER_PATHS = NO;
				CLANG_ANALYZER_NONNULL = YES;
				CLANG_ANALYZER_NUMBER_OBJECT_CONVERSION = YES_AGGRESSIVE;
				CLANG_CXX_LANGUAGE_STANDARD = "gnu++14";
				CLANG_CXX_LIBRARY = "libc++";
				CLANG_ENABLE_MODULES = YES;
				CLANG_ENABLE_OBJC_ARC = YES;
				CLANG_ENABLE_OBJC_WEAK = YES;
				CLANG_WARN_BLOCK_CAPTURE_AUTORELEASING = YES;
				CLANG_WARN_BOOL_CONVERSION = YES;
				CLANG_WARN_COMMA = YES;
				CLANG_WARN_CONSTANT_CONVERSION = YES;
				CLANG_WARN_DEPRECATED_OBJC_IMPLEMENTATIONS = YES;
				CLANG_WARN_DIRECT_OBJC_ISA_USAGE = YES_ERROR;
				CLANG_WARN_DOCUMENTATION_COMMENTS = YES;
				CLANG_WARN_EMPTY_BODY = YES;
				CLANG_WARN_ENUM_CONVERSION = YES;
				CLANG_WARN_INFINITE_RECURSION = YES;
				CLANG_WARN_INT_CONVERSION = YES;
				CLANG_WARN_NON_LITERAL_NULL_CONVERSION = YES;
				CLANG_WARN_OBJC_IMPLICIT_RETAIN_SELF = YES;
				CLANG_WARN_OBJC_LITERAL_CONVERSION = YES;
				CLANG_WARN_OBJC_ROOT_CLASS = YES_ERROR;
				CLANG_WARN_QUOTED_INCLUDE_IN_FRAMEWORK_HEADER = YES;
				CLANG_WARN_RANGE_LOOP_ANALYSIS = YES;
				CLANG_WARN_STRICT_PROTOTYPES = YES;
				CLANG_WARN_SUSPICIOUS_MOVE = YES;
				CLANG_WARN_UNGUARDED_AVAILABILITY = YES_AGGRESSIVE;
				CLANG_WARN_UNREACHABLE_CODE = YES;
				CLANG_WARN__DUPLICATE_METHOD_MATCH = YES;
				COPY_PHASE_STRIP = NO;
				DEBUG_INFORMATION_FORMAT = "dwarf-with-dsym";
				ENABLE_NS_ASSERTIONS = NO;
				ENABLE_STRICT_OBJC_MSGSEND = YES;
				GCC_C_LANGUAGE_STANDARD = gnu11;
				GCC_NO_COMMON_BLOCKS = YES;
				GCC_WARN_64_TO_32_BIT_CONVERSION = YES;
				GCC_WARN_ABOUT_RETURN_TYPE = YES_ERROR;
				GCC_WARN_UNDECLARED_SELECTOR = YES;
				GCC_WARN_UNINITIALIZED_AUTOS = YES_AGGRESSIVE;
				GCC_WARN_UNUSED_FUNCTION = YES;
				GCC_WARN_UNUSED_VARIABLE = YES;
				IPHONEOS_DEPLOYMENT_TARGET = 13.6;
				MTL_ENABLE_DEBUG_INFO = NO;
				MTL_FAST_MATH = YES;
				SDKROOT = iphoneos;
				SWIFT_COMPILATION_MODE = wholemodule;
				SWIFT_OPTIMIZATION_LEVEL = "-O";
				VALIDATE_PRODUCT = YES;
			};
			name = Release;
		};
		4F544364253CDAF9005F9AF6 /* Debug */ = {
			isa = XCBuildConfiguration;
			baseConfigurationReference = 7E7CCDBBDA0213AE21A45C45 /* Pods-PuntoBlanco_v_0.0.1.debug.xcconfig */;
			buildSettings = {
				ASSETCATALOG_COMPILER_APPICON_NAME = AppIcon;
				ASSETCATALOG_COMPILER_GLOBAL_ACCENT_COLOR_NAME = AccentColor;
				CLANG_ENABLE_MODULES = YES;
				CODE_SIGN_STYLE = Automatic;
				INFOPLIST_FILE = PuntoBlanco_v_0.0.1/Info.plist;
				IPHONEOS_DEPLOYMENT_TARGET = 13.4;
				LD_RUNPATH_SEARCH_PATHS = (
					"$(inherited)",
					"@executable_path/Frameworks",
				);
				PRODUCT_BUNDLE_IDENTIFIER = "ITESM.PuntoBlanco-v-0-0-1";
				PRODUCT_NAME = "$(TARGET_NAME)";
				SWIFT_OPTIMIZATION_LEVEL = "-Onone";
				SWIFT_VERSION = 5.0;
				TARGETED_DEVICE_FAMILY = "1,2";
			};
			name = Debug;
		};
		4F544365253CDAF9005F9AF6 /* Release */ = {
			isa = XCBuildConfiguration;
			baseConfigurationReference = 9D5F938C8B0F0046DE3EE56D /* Pods-PuntoBlanco_v_0.0.1.release.xcconfig */;
			buildSettings = {
				ASSETCATALOG_COMPILER_APPICON_NAME = AppIcon;
				ASSETCATALOG_COMPILER_GLOBAL_ACCENT_COLOR_NAME = AccentColor;
				CLANG_ENABLE_MODULES = YES;
				CODE_SIGN_STYLE = Automatic;
				INFOPLIST_FILE = PuntoBlanco_v_0.0.1/Info.plist;
				IPHONEOS_DEPLOYMENT_TARGET = 13.4;
				LD_RUNPATH_SEARCH_PATHS = (
					"$(inherited)",
					"@executable_path/Frameworks",
				);
				PRODUCT_BUNDLE_IDENTIFIER = "ITESM.PuntoBlanco-v-0-0-1";
				PRODUCT_NAME = "$(TARGET_NAME)";
				SWIFT_VERSION = 5.0;
				TARGETED_DEVICE_FAMILY = "1,2";
			};
			name = Release;
		};
/* End XCBuildConfiguration section */

/* Begin XCConfigurationList section */
		4F54434A253CDAF7005F9AF6 /* Build configuration list for PBXProject "PuntoBlanco_v_0.0.1" */ = {
			isa = XCConfigurationList;
			buildConfigurations = (
				4F544361253CDAF9005F9AF6 /* Debug */,
				4F544362253CDAF9005F9AF6 /* Release */,
			);
			defaultConfigurationIsVisible = 0;
			defaultConfigurationName = Release;
		};
		4F544363253CDAF9005F9AF6 /* Build configuration list for PBXNativeTarget "PuntoBlanco_v_0.0.1" */ = {
			isa = XCConfigurationList;
			buildConfigurations = (
				4F544364253CDAF9005F9AF6 /* Debug */,
				4F544365253CDAF9005F9AF6 /* Release */,
			);
			defaultConfigurationIsVisible = 0;
			defaultConfigurationName = Release;
		};
/* End XCConfigurationList section */
	};
	rootObject = 4F544347253CDAF7005F9AF6 /* Project object */;
}
