// !$*UTF8*$!
{
	archiveVersion = 1;
	classes = {
	};
	objectVersion = 50;
	objects = {

/* Begin PBXBuildFile section */
		4F544353253CDAF7005F9AF6 /* AppDelegate.swift in Sources */ = {isa = PBXBuildFile; fileRef = 4F544352253CDAF7005F9AF6 /* AppDelegate.swift */; };
		4F544355253CDAF7005F9AF6 /* SceneDelegate.swift in Sources */ = {isa = PBXBuildFile; fileRef = 4F544354253CDAF7005F9AF6 /* SceneDelegate.swift */; };
		4F544357253CDAF7005F9AF6 /* ViewController.swift in Sources */ = {isa = PBXBuildFile; fileRef = 4F544356253CDAF7005F9AF6 /* ViewController.swift */; };
		4F54435A253CDAF7005F9AF6 /* Main.storyboard in Resources */ = {isa = PBXBuildFile; fileRef = 4F544358253CDAF7005F9AF6 /* Main.storyboard */; };
		4F54435C253CDAF9005F9AF6 /* Assets.xcassets in Resources */ = {isa = PBXBuildFile; fileRef = 4F54435B253CDAF9005F9AF6 /* Assets.xcassets */; };
		4F54435F253CDAF9005F9AF6 /* LaunchScreen.storyboard in Resources */ = {isa = PBXBuildFile; fileRef = 4F54435D253CDAF9005F9AF6 /* LaunchScreen.storyboard */; };
		4F544368253D0BCA005F9AF6 /* Estadisticas.swift in Sources */ = {isa = PBXBuildFile; fileRef = 4F544367253D0BCA005F9AF6 /* Estadisticas.swift */; };
		4F69D821253D1D3800C3863F /* Usuario.swift in Sources */ = {isa = PBXBuildFile; fileRef = 4F69D820253D1D3800C3863F /* Usuario.swift */; };
		4F69D823253D1F2800C3863F /* Evento.swift in Sources */ = {isa = PBXBuildFile; fileRef = 4F69D822253D1F2800C3863F /* Evento.swift */; };
		4F69D825253D1FDA00C3863F /* Reto.swift in Sources */ = {isa = PBXBuildFile; fileRef = 4F69D824253D1FDA00C3863F /* Reto.swift */; };
		4F69D827253D205C00C3863F /* Meditacion.swift in Sources */ = {isa = PBXBuildFile; fileRef = 4F69D826253D205C00C3863F /* Meditacion.swift */; };
		4F69D829253D29A700C3863F /* dashboardViewController.swift in Sources */ = {isa = PBXBuildFile; fileRef = 4F69D828253D29A700C3863F /* dashboardViewController.swift */; };
		4F69D82B253D2CE400C3863F /* ConfiguracionViewController.swift in Sources */ = {isa = PBXBuildFile; fileRef = 4F69D82A253D2CE400C3863F /* ConfiguracionViewController.swift */; };
		BE73D8E725525538002019D2 /* ViewController2.swift in Sources */ = {isa = PBXBuildFile; fileRef = BE73D8E625525538002019D2 /* ViewController2.swift */; };
		BE73D8E92552F2B8002019D2 /* ViewController3.swift in Sources */ = {isa = PBXBuildFile; fileRef = BE73D8E82552F2B8002019D2 /* ViewController3.swift */; };
		BE73D8ED25532813002019D2 /* ViewControllerAudio.swift in Sources */ = {isa = PBXBuildFile; fileRef = BE73D8EC25532813002019D2 /* ViewControllerAudio.swift */; };
		BE73D8EF25532CD4002019D2 /* Elegy2.mp3 in Resources */ = {isa = PBXBuildFile; fileRef = BE73D8EE25532CD4002019D2 /* Elegy2.mp3 */; };
		BE73D8F225532FC0002019D2 /* AVFoundation.framework in Frameworks */ = {isa = PBXBuildFile; fileRef = BE73D8F125532FC0002019D2 /* AVFoundation.framework */; };
/* End PBXBuildFile section */

/* Begin PBXFileReference section */
		4F54434F253CDAF7005F9AF6 /* PuntoBlanco_v_0.0.1.app */ = {isa = PBXFileReference; explicitFileType = wrapper.application; includeInIndex = 0; path = PuntoBlanco_v_0.0.1.app; sourceTree = BUILT_PRODUCTS_DIR; };
		4F544352253CDAF7005F9AF6 /* AppDelegate.swift */ = {isa = PBXFileReference; lastKnownFileType = sourcecode.swift; path = AppDelegate.swift; sourceTree = "<group>"; };
		4F544354253CDAF7005F9AF6 /* SceneDelegate.swift */ = {isa = PBXFileReference; lastKnownFileType = sourcecode.swift; path = SceneDelegate.swift; sourceTree = "<group>"; };
		4F544356253CDAF7005F9AF6 /* ViewController.swift */ = {isa = PBXFileReference; lastKnownFileType = sourcecode.swift; path = ViewController.swift; sourceTree = "<group>"; };
		4F544359253CDAF7005F9AF6 /* Base */ = {isa = PBXFileReference; lastKnownFileType = file.storyboard; name = Base; path = Base.lproj/Main.storyboard; sourceTree = "<group>"; };
		4F54435B253CDAF9005F9AF6 /* Assets.xcassets */ = {isa = PBXFileReference; lastKnownFileType = folder.assetcatalog; path = Assets.xcassets; sourceTree = "<group>"; };
		4F54435E253CDAF9005F9AF6 /* Base */ = {isa = PBXFileReference; lastKnownFileType = file.storyboard; name = Base; path = Base.lproj/LaunchScreen.storyboard; sourceTree = "<group>"; };
		4F544360253CDAF9005F9AF6 /* Info.plist */ = {isa = PBXFileReference; lastKnownFileType = text.plist.xml; path = Info.plist; sourceTree = "<group>"; };
		4F544367253D0BCA005F9AF6 /* Estadisticas.swift */ = {isa = PBXFileReference; lastKnownFileType = sourcecode.swift; path = Estadisticas.swift; sourceTree = "<group>"; };
		4F69D820253D1D3800C3863F /* Usuario.swift */ = {isa = PBXFileReference; lastKnownFileType = sourcecode.swift; path = Usuario.swift; sourceTree = "<group>"; };
		4F69D822253D1F2800C3863F /* Evento.swift */ = {isa = PBXFileReference; lastKnownFileType = sourcecode.swift; path = Evento.swift; sourceTree = "<group>"; };
		4F69D824253D1FDA00C3863F /* Reto.swift */ = {isa = PBXFileReference; lastKnownFileType = sourcecode.swift; path = Reto.swift; sourceTree = "<group>"; };
		4F69D826253D205C00C3863F /* Meditacion.swift */ = {isa = PBXFileReference; lastKnownFileType = sourcecode.swift; path = Meditacion.swift; sourceTree = "<group>"; };
		4F69D828253D29A700C3863F /* dashboardViewController.swift */ = {isa = PBXFileReference; lastKnownFileType = sourcecode.swift; path = dashboardViewController.swift; sourceTree = "<group>"; };
		4F69D82A253D2CE400C3863F /* ConfiguracionViewController.swift */ = {isa = PBXFileReference; lastKnownFileType = sourcecode.swift; path = ConfiguracionViewController.swift; sourceTree = "<group>"; };
		BE73D8E625525538002019D2 /* ViewController2.swift */ = {isa = PBXFileReference; lastKnownFileType = sourcecode.swift; path = ViewController2.swift; sourceTree = "<group>"; };
		BE73D8E82552F2B8002019D2 /* ViewController3.swift */ = {isa = PBXFileReference; lastKnownFileType = sourcecode.swift; path = ViewController3.swift; sourceTree = "<group>"; };
		BE73D8EC25532813002019D2 /* ViewControllerAudio.swift */ = {isa = PBXFileReference; lastKnownFileType = sourcecode.swift; path = ViewControllerAudio.swift; sourceTree = "<group>"; };
		BE73D8EE25532CD4002019D2 /* Elegy2.mp3 */ = {isa = PBXFileReference; lastKnownFileType = audio.mp3; name = Elegy2.mp3; path = "../../../../../Volumes/KINGSTON/TEC/Ago-Dic2020/Apps_móviles/PROYECTOFINAL/Audios/Audios/Elegy2.mp3"; sourceTree = "<group>"; };
		BE73D8F125532FC0002019D2 /* AVFoundation.framework */ = {isa = PBXFileReference; lastKnownFileType = wrapper.framework; name = AVFoundation.framework; path = System/Library/Frameworks/AVFoundation.framework; sourceTree = SDKROOT; };
/* End PBXFileReference section */

/* Begin PBXFrameworksBuildPhase section */
		4F54434C253CDAF7005F9AF6 /* Frameworks */ = {
			isa = PBXFrameworksBuildPhase;
			buildActionMask = 2147483647;
			files = (
				BE73D8F225532FC0002019D2 /* AVFoundation.framework in Frameworks */,
			);
			runOnlyForDeploymentPostprocessing = 0;
		};
/* End PBXFrameworksBuildPhase section */

/* Begin PBXGroup section */
		4F544346253CDAF7005F9AF6 = {
			isa = PBXGroup;
			children = (
				4F544351253CDAF7005F9AF6 /* PuntoBlanco_v_0.0.1 */,
				4F544350253CDAF7005F9AF6 /* Products */,
				BE73D8F025532FC0002019D2 /* Frameworks */,
			);
			sourceTree = "<group>";
		};
		4F544350253CDAF7005F9AF6 /* Products */ = {
			isa = PBXGroup;
			children = (
				4F54434F253CDAF7005F9AF6 /* PuntoBlanco_v_0.0.1.app */,
			);
			name = Products;
			sourceTree = "<group>";
		};
		4F544351253CDAF7005F9AF6 /* PuntoBlanco_v_0.0.1 */ = {
			isa = PBXGroup;
			children = (
				4F544352253CDAF7005F9AF6 /* AppDelegate.swift */,
				4F544354253CDAF7005F9AF6 /* SceneDelegate.swift */,
				4F544356253CDAF7005F9AF6 /* ViewController.swift */,
				4F544358253CDAF7005F9AF6 /* Main.storyboard */,
				BE73D8EC25532813002019D2 /* ViewControllerAudio.swift */,
				BE73D8E82552F2B8002019D2 /* ViewController3.swift */,
				BE73D8E625525538002019D2 /* ViewController2.swift */,
				4F69D82A253D2CE400C3863F /* ConfiguracionViewController.swift */,
				4F69D828253D29A700C3863F /* dashboardViewController.swift */,
				4F69D822253D1F2800C3863F /* Evento.swift */,
				4F69D824253D1FDA00C3863F /* Reto.swift */,
				4F69D826253D205C00C3863F /* Meditacion.swift */,
				4F69D820253D1D3800C3863F /* Usuario.swift */,
				4F544367253D0BCA005F9AF6 /* Estadisticas.swift */,
				BE73D8EE25532CD4002019D2 /* Elegy2.mp3 */,
				4F54435B253CDAF9005F9AF6 /* Assets.xcassets */,
				4F54435D253CDAF9005F9AF6 /* LaunchScreen.storyboard */,
				4F544360253CDAF9005F9AF6 /* Info.plist */,
			);
			path = PuntoBlanco_v_0.0.1;
			sourceTree = "<group>";
		};
		BE73D8F025532FC0002019D2 /* Frameworks */ = {
			isa = PBXGroup;
			children = (
				BE73D8F125532FC0002019D2 /* AVFoundation.framework */,
			);
			name = Frameworks;
			sourceTree = "<group>";
		};
/* End PBXGroup section */

/* Begin PBXNativeTarget section */
		4F54434E253CDAF7005F9AF6 /* PuntoBlanco_v_0.0.1 */ = {
			isa = PBXNativeTarget;
			buildConfigurationList = 4F544363253CDAF9005F9AF6 /* Build configuration list for PBXNativeTarget "PuntoBlanco_v_0.0.1" */;
			buildPhases = (
				4F54434B253CDAF7005F9AF6 /* Sources */,
				4F54434C253CDAF7005F9AF6 /* Frameworks */,
				4F54434D253CDAF7005F9AF6 /* Resources */,
			);
			buildRules = (
			);
			dependencies = (
			);
			name = PuntoBlanco_v_0.0.1;
			productName = PuntoBlanco_v_0.0.1;
			productReference = 4F54434F253CDAF7005F9AF6 /* PuntoBlanco_v_0.0.1.app */;
			productType = "com.apple.product-type.application";
		};
/* End PBXNativeTarget section */

/* Begin PBXProject section */
		4F544347253CDAF7005F9AF6 /* Project object */ = {
			isa = PBXProject;
			attributes = {
				LastSwiftUpdateCheck = 1200;
				LastUpgradeCheck = 1200;
				TargetAttributes = {
					4F54434E253CDAF7005F9AF6 = {
						CreatedOnToolsVersion = 12.0.1;
					};
				};
			};
			buildConfigurationList = 4F54434A253CDAF7005F9AF6 /* Build configuration list for PBXProject "PuntoBlanco_v_0.0.1" */;
			compatibilityVersion = "Xcode 9.3";
			developmentRegion = en;
			hasScannedForEncodings = 0;
			knownRegions = (
				en,
				Base,
			);
			mainGroup = 4F544346253CDAF7005F9AF6;
			productRefGroup = 4F544350253CDAF7005F9AF6 /* Products */;
			projectDirPath = "";
			projectRoot = "";
			targets = (
				4F54434E253CDAF7005F9AF6 /* PuntoBlanco_v_0.0.1 */,
			);
		};
/* End PBXProject section */

/* Begin PBXResourcesBuildPhase section */
		4F54434D253CDAF7005F9AF6 /* Resources */ = {
			isa = PBXResourcesBuildPhase;
			buildActionMask = 2147483647;
			files = (
				BE73D8EF25532CD4002019D2 /* Elegy2.mp3 in Resources */,
				4F54435F253CDAF9005F9AF6 /* LaunchScreen.storyboard in Resources */,
				4F54435C253CDAF9005F9AF6 /* Assets.xcassets in Resources */,
				4F54435A253CDAF7005F9AF6 /* Main.storyboard in Resources */,
			);
			runOnlyForDeploymentPostprocessing = 0;
		};
/* End PBXResourcesBuildPhase section */

/* Begin PBXSourcesBuildPhase section */
		4F54434B253CDAF7005F9AF6 /* Sources */ = {
			isa = PBXSourcesBuildPhase;
			buildActionMask = 2147483647;
			files = (
				4F69D82B253D2CE400C3863F /* ConfiguracionViewController.swift in Sources */,
				4F69D827253D205C00C3863F /* Meditacion.swift in Sources */,
				BE73D8E92552F2B8002019D2 /* ViewController3.swift in Sources */,
				4F69D823253D1F2800C3863F /* Evento.swift in Sources */,
				4F544357253CDAF7005F9AF6 /* ViewController.swift in Sources */,
				BE73D8E725525538002019D2 /* ViewController2.swift in Sources */,
				4F544353253CDAF7005F9AF6 /* AppDelegate.swift in Sources */,
				BE73D8ED25532813002019D2 /* ViewControllerAudio.swift in Sources */,
				4F69D829253D29A700C3863F /* dashboardViewController.swift in Sources */,
				4F69D825253D1FDA00C3863F /* Reto.swift in Sources */,
				4F544368253D0BCA005F9AF6 /* Estadisticas.swift in Sources */,
				4F69D821253D1D3800C3863F /* Usuario.swift in Sources */,
				4F544355253CDAF7005F9AF6 /* SceneDelegate.swift in Sources */,
			);
			runOnlyForDeploymentPostprocessing = 0;
		};
/* End PBXSourcesBuildPhase section */

/* Begin PBXVariantGroup section */
		4F544358253CDAF7005F9AF6 /* Main.storyboard */ = {
			isa = PBXVariantGroup;
			children = (
				4F544359253CDAF7005F9AF6 /* Base */,
			);
			name = Main.storyboard;
			sourceTree = "<group>";
		};
		4F54435D253CDAF9005F9AF6 /* LaunchScreen.storyboard */ = {
			isa = PBXVariantGroup;
			children = (
				4F54435E253CDAF9005F9AF6 /* Base */,
			);
			name = LaunchScreen.storyboard;
			sourceTree = "<group>";
		};
/* End PBXVariantGroup section */

/* Begin XCBuildConfiguration section */
		4F544361253CDAF9005F9AF6 /* Debug */ = {
			isa = XCBuildConfiguration;
			buildSettings = {
				ALWAYS_SEARCH_USER_PATHS = NO;
				CLANG_ANALYZER_NONNULL = YES;
				CLANG_ANALYZER_NUMBER_OBJECT_CONVERSION = YES_AGGRESSIVE;
				CLANG_CXX_LANGUAGE_STANDARD = "gnu++14";
				CLANG_CXX_LIBRARY = "libc++";
				CLANG_ENABLE_MODULES = YES;
				CLANG_ENABLE_OBJC_ARC = YES;
				CLANG_ENABLE_OBJC_WEAK = YES;
				CLANG_WARN_BLOCK_CAPTURE_AUTORELEASING = YES;
				CLANG_WARN_BOOL_CONVERSION = YES;
				CLANG_WARN_COMMA = YES;
				CLANG_WARN_CONSTANT_CONVERSION = YES;
				CLANG_WARN_DEPRECATED_OBJC_IMPLEMENTATIONS = YES;
				CLANG_WARN_DIRECT_OBJC_ISA_USAGE = YES_ERROR;
				CLANG_WARN_DOCUMENTATION_COMMENTS = YES;
				CLANG_WARN_EMPTY_BODY = YES;
				CLANG_WARN_ENUM_CONVERSION = YES;
				CLANG_WARN_INFINITE_RECURSION = YES;
				CLANG_WARN_INT_CONVERSION = YES;
				CLANG_WARN_NON_LITERAL_NULL_CONVERSION = YES;
				CLANG_WARN_OBJC_IMPLICIT_RETAIN_SELF = YES;
				CLANG_WARN_OBJC_LITERAL_CONVERSION = YES;
				CLANG_WARN_OBJC_ROOT_CLASS = YES_ERROR;
				CLANG_WARN_QUOTED_INCLUDE_IN_FRAMEWORK_HEADER = YES;
				CLANG_WARN_RANGE_LOOP_ANALYSIS = YES;
				CLANG_WARN_STRICT_PROTOTYPES = YES;
				CLANG_WARN_SUSPICIOUS_MOVE = YES;
				CLANG_WARN_UNGUARDED_AVAILABILITY = YES_AGGRESSIVE;
				CLANG_WARN_UNREACHABLE_CODE = YES;
				CLANG_WARN__DUPLICATE_METHOD_MATCH = YES;
				COPY_PHASE_STRIP = NO;
				DEBUG_INFORMATION_FORMAT = dwarf;
				ENABLE_STRICT_OBJC_MSGSEND = YES;
				ENABLE_TESTABILITY = YES;
				GCC_C_LANGUAGE_STANDARD = gnu11;
				GCC_DYNAMIC_NO_PIC = NO;
				GCC_NO_COMMON_BLOCKS = YES;
				GCC_OPTIMIZATION_LEVEL = 0;
				GCC_PREPROCESSOR_DEFINITIONS = (
					"DEBUG=1",
					"$(inherited)",
				);
				GCC_WARN_64_TO_32_BIT_CONVERSION = YES;
				GCC_WARN_ABOUT_RETURN_TYPE = YES_ERROR;
				GCC_WARN_UNDECLARED_SELECTOR = YES;
				GCC_WARN_UNINITIALIZED_AUTOS = YES_AGGRESSIVE;
				GCC_WARN_UNUSED_FUNCTION = YES;
				GCC_WARN_UNUSED_VARIABLE = YES;
				IPHONEOS_DEPLOYMENT_TARGET = 13.6;
				MTL_ENABLE_DEBUG_INFO = INCLUDE_SOURCE;
				MTL_FAST_MATH = YES;
				ONLY_ACTIVE_ARCH = YES;
				SDKROOT = iphoneos;
				SWIFT_ACTIVE_COMPILATION_CONDITIONS = DEBUG;
				SWIFT_OPTIMIZATION_LEVEL = "-Onone";
			};
			name = Debug;
		};
		4F544362253CDAF9005F9AF6 /* Release */ = {
			isa = XCBuildConfiguration;
			buildSettings = {
				ALWAYS_SEARCH_USER_PATHS = NO;
				CLANG_ANALYZER_NONNULL = YES;
				CLANG_ANALYZER_NUMBER_OBJECT_CONVERSION = YES_AGGRESSIVE;
				CLANG_CXX_LANGUAGE_STANDARD = "gnu++14";
				CLANG_CXX_LIBRARY = "libc++";
				CLANG_ENABLE_MODULES = YES;
				CLANG_ENABLE_OBJC_ARC = YES;
				CLANG_ENABLE_OBJC_WEAK = YES;
				CLANG_WARN_BLOCK_CAPTURE_AUTORELEASING = YES;
				CLANG_WARN_BOOL_CONVERSION = YES;
				CLANG_WARN_COMMA = YES;
				CLANG_WARN_CONSTANT_CONVERSION = YES;
				CLANG_WARN_DEPRECATED_OBJC_IMPLEMENTATIONS = YES;
				CLANG_WARN_DIRECT_OBJC_ISA_USAGE = YES_ERROR;
				CLANG_WARN_DOCUMENTATION_COMMENTS = YES;
				CLANG_WARN_EMPTY_BODY = YES;
				CLANG_WARN_ENUM_CONVERSION = YES;
				CLANG_WARN_INFINITE_RECURSION = YES;
				CLANG_WARN_INT_CONVERSION = YES;
				CLANG_WARN_NON_LITERAL_NULL_CONVERSION = YES;
				CLANG_WARN_OBJC_IMPLICIT_RETAIN_SELF = YES;
				CLANG_WARN_OBJC_LITERAL_CONVERSION = YES;
				CLANG_WARN_OBJC_ROOT_CLASS = YES_ERROR;
				CLANG_WARN_QUOTED_INCLUDE_IN_FRAMEWORK_HEADER = YES;
				CLANG_WARN_RANGE_LOOP_ANALYSIS = YES;
				CLANG_WARN_STRICT_PROTOTYPES = YES;
				CLANG_WARN_SUSPICIOUS_MOVE = YES;
				CLANG_WARN_UNGUARDED_AVAILABILITY = YES_AGGRESSIVE;
				CLANG_WARN_UNREACHABLE_CODE = YES;
				CLANG_WARN__DUPLICATE_METHOD_MATCH = YES;
				COPY_PHASE_STRIP = NO;
				DEBUG_INFORMATION_FORMAT = "dwarf-with-dsym";
				ENABLE_NS_ASSERTIONS = NO;
				ENABLE_STRICT_OBJC_MSGSEND = YES;
				GCC_C_LANGUAGE_STANDARD = gnu11;
				GCC_NO_COMMON_BLOCKS = YES;
				GCC_WARN_64_TO_32_BIT_CONVERSION = YES;
				GCC_WARN_ABOUT_RETURN_TYPE = YES_ERROR;
				GCC_WARN_UNDECLARED_SELECTOR = YES;
				GCC_WARN_UNINITIALIZED_AUTOS = YES_AGGRESSIVE;
				GCC_WARN_UNUSED_FUNCTION = YES;
				GCC_WARN_UNUSED_VARIABLE = YES;
				IPHONEOS_DEPLOYMENT_TARGET = 13.6;
				MTL_ENABLE_DEBUG_INFO = NO;
				MTL_FAST_MATH = YES;
				SDKROOT = iphoneos;
				SWIFT_COMPILATION_MODE = wholemodule;
				SWIFT_OPTIMIZATION_LEVEL = "-O";
				VALIDATE_PRODUCT = YES;
			};
			name = Release;
		};
		4F544364253CDAF9005F9AF6 /* Debug */ = {
			isa = XCBuildConfiguration;
			buildSettings = {
				ASSETCATALOG_COMPILER_APPICON_NAME = AppIcon;
				ASSETCATALOG_COMPILER_GLOBAL_ACCENT_COLOR_NAME = AccentColor;
				CODE_SIGN_STYLE = Automatic;
				INFOPLIST_FILE = PuntoBlanco_v_0.0.1/Info.plist;
				IPHONEOS_DEPLOYMENT_TARGET = 13.4;
				LD_RUNPATH_SEARCH_PATHS = (
					"$(inherited)",
					"@executable_path/Frameworks",
				);
				PRODUCT_BUNDLE_IDENTIFIER = "ITESM.PuntoBlanco-v-0-0-1";
				PRODUCT_NAME = "$(TARGET_NAME)";
				SWIFT_VERSION = 5.0;
				TARGETED_DEVICE_FAMILY = "1,2";
			};
			name = Debug;
		};
		4F544365253CDAF9005F9AF6 /* Release */ = {
			isa = XCBuildConfiguration;
			buildSettings = {
				ASSETCATALOG_COMPILER_APPICON_NAME = AppIcon;
				ASSETCATALOG_COMPILER_GLOBAL_ACCENT_COLOR_NAME = AccentColor;
				CODE_SIGN_STYLE = Automatic;
				INFOPLIST_FILE = PuntoBlanco_v_0.0.1/Info.plist;
				IPHONEOS_DEPLOYMENT_TARGET = 13.4;
				LD_RUNPATH_SEARCH_PATHS = (
					"$(inherited)",
					"@executable_path/Frameworks",
				);
				PRODUCT_BUNDLE_IDENTIFIER = "ITESM.PuntoBlanco-v-0-0-1";
				PRODUCT_NAME = "$(TARGET_NAME)";
				SWIFT_VERSION = 5.0;
				TARGETED_DEVICE_FAMILY = "1,2";
			};
			name = Release;
		};
/* End XCBuildConfiguration section */

/* Begin XCConfigurationList section */
		4F54434A253CDAF7005F9AF6 /* Build configuration list for PBXProject "PuntoBlanco_v_0.0.1" */ = {
			isa = XCConfigurationList;
			buildConfigurations = (
				4F544361253CDAF9005F9AF6 /* Debug */,
				4F544362253CDAF9005F9AF6 /* Release */,
			);
			defaultConfigurationIsVisible = 0;
			defaultConfigurationName = Release;
		};
		4F544363253CDAF9005F9AF6 /* Build configuration list for PBXNativeTarget "PuntoBlanco_v_0.0.1" */ = {
			isa = XCConfigurationList;
			buildConfigurations = (
				4F544364253CDAF9005F9AF6 /* Debug */,
				4F544365253CDAF9005F9AF6 /* Release */,
			);
			defaultConfigurationIsVisible = 0;
			defaultConfigurationName = Release;
		};
/* End XCConfigurationList section */
	};
	rootObject = 4F544347253CDAF7005F9AF6 /* Project object */;
}
